
Microsoft Visual Studio Solution File, Format Version 12.00
# Visual Studio 15
VisualStudioVersion = 15.0.27130.2020
MinimumVisualStudioVersion = 10.0.40219.1
Project("{9A19103F-16F7-4668-BE54-9A1E7A4F7556}") = "RouletteGame", "RouletteGame\RouletteGame.csproj", "{35AF9676-A2FC-4706-81DD-78CB8A88881D}"
EndProject
Project("{9A19103F-16F7-4668-BE54-9A1E7A4F7556}") = "RouletteGame.Tests", "RouletteGame.Tests\RouletteGame.Tests.csproj", "{29E42395-3000-400B-BF22-F0AD9B4AADC4}"
EndProject
Project("{FAE04EC0-301F-11D3-BF4B-00C04F79EFBC}") = "RouletteGame.Models", "RouletteGame.Models\RouletteGame.Models.csproj", "{F0A3A79B-34FA-48CF-9F43-1A4875761176}"
EndProject
Project("{FAE04EC0-301F-11D3-BF4B-00C04F79EFBC}") = "RouletteGame.Service", "RouletteGame.Service\RouletteGame.Service.csproj", "{2457A396-0F7B-4FA5-A853-91418A72DA39}"
EndProject
Global
	GlobalSection(SolutionConfigurationPlatforms) = preSolution
		Debug|Any CPU = Debug|Any CPU
		Release|Any CPU = Release|Any CPU
	EndGlobalSection
	GlobalSection(ProjectConfigurationPlatforms) = postSolution
		{35AF9676-A2FC-4706-81DD-78CB8A88881D}.Debug|Any CPU.ActiveCfg = Debug|Any CPU
		{35AF9676-A2FC-4706-81DD-78CB8A88881D}.Debug|Any CPU.Build.0 = Debug|Any CPU
		{35AF9676-A2FC-4706-81DD-78CB8A88881D}.Release|Any CPU.ActiveCfg = Release|Any CPU
		{35AF9676-A2FC-4706-81DD-78CB8A88881D}.Release|Any CPU.Build.0 = Release|Any CPU
		{29E42395-3000-400B-BF22-F0AD9B4AADC4}.Debug|Any CPU.ActiveCfg = Debug|Any CPU
		{29E42395-3000-400B-BF22-F0AD9B4AADC4}.Debug|Any CPU.Build.0 = Debug|Any CPU
		{29E42395-3000-400B-BF22-F0AD9B4AADC4}.Release|Any CPU.ActiveCfg = Release|Any CPU
		{29E42395-3000-400B-BF22-F0AD9B4AADC4}.Release|Any CPU.Build.0 = Release|Any CPU
		{F0A3A79B-34FA-48CF-9F43-1A4875761176}.Debug|Any CPU.ActiveCfg = Debug|Any CPU
		{F0A3A79B-34FA-48CF-9F43-1A4875761176}.Debug|Any CPU.Build.0 = Debug|Any CPU
		{F0A3A79B-34FA-48CF-9F43-1A4875761176}.Release|Any CPU.ActiveCfg = Release|Any CPU
		{F0A3A79B-34FA-48CF-9F43-1A4875761176}.Release|Any CPU.Build.0 = Release|Any CPU
		{2457A396-0F7B-4FA5-A853-91418A72DA39}.Debug|Any CPU.ActiveCfg = Debug|Any CPU
		{2457A396-0F7B-4FA5-A853-91418A72DA39}.Debug|Any CPU.Build.0 = Debug|Any CPU
		{2457A396-0F7B-4FA5-A853-91418A72DA39}.Release|Any CPU.ActiveCfg = Release|Any CPU
		{2457A396-0F7B-4FA5-A853-91418A72DA39}.Release|Any CPU.Build.0 = Release|Any CPU
	EndGlobalSection
	GlobalSection(SolutionProperties) = preSolution
		HideSolutionNode = FALSE
	EndGlobalSection
	GlobalSection(ExtensibilityGlobals) = postSolution
		SolutionGuid = {A8873CFC-BB47-4E97-B2B4-EFB4C3EE25B5}
	EndGlobalSection
EndGlobal
